
Microsoft Visual Studio Solution File, Format Version 12.00
# Visual Studio 14
VisualStudioVersion = 14.0.24720.0
MinimumVisualStudioVersion = 10.0.40219.1
Project("{2150E333-8FDC-42A3-9474-1A3956D46DE8}") = "strings", "strings", "{04432FEE-E275-4987-8BEC-FC3B1CA790B7}"
EndProject
Project("{8BC9CEB8-8B4A-11D0-8D11-00A0C91BC942}") = "attr_parser", "attr_parser\attr_parser.vcxproj", "{30627D73-940F-4D10-A1C1-7BE0EABFBE69}"
EndProject
Project("{2150E333-8FDC-42A3-9474-1A3956D46DE8}") = "classes", "classes", "{E6F3BD70-402E-496F-8AF7-3A0189FDC2CF}"
EndProject
Project("{8BC9CEB8-8B4A-11D0-8D11-00A0C91BC942}") = "boxit", "boxit\boxit.vcxproj", "{B7FDA082-8820-4497-BA53-F8B3F6284A8B}"
EndProject
Project("{8BC9CEB8-8B4A-11D0-8D11-00A0C91BC942}") = "attending_workshops", "classes\attending_workshops\attending_workshops.vcxproj", "{1517A711-AC10-4467-9E00-2C78E9C7A090}"
EndProject
Project("{2150E333-8FDC-42A3-9474-1A3956D46DE8}") = "challenges", "challenges", "{3A91467B-A28C-41AE-BF6F-FAB623CFD30A}"
EndProject
Project("{8BC9CEB8-8B4A-11D0-8D11-00A0C91BC942}") = "pangrams", "pangrams\pangrams.vcxproj", "{338C60EB-64BE-4213-9ECC-A0B89DB110F6}"
EndProject
Project("{8BC9CEB8-8B4A-11D0-8D11-00A0C91BC942}") = "funny_string", "funny_string\funny_string.vcxproj", "{793D9B3C-57ED-4129-969B-B6CC13C2B2B6}"
EndProject
Project("{8BC9CEB8-8B4A-11D0-8D11-00A0C91BC942}") = "utopian_tree", "utopian_tree\utopian_tree.vcxproj", "{34ABE885-5FFA-4320-9775-226888A738D2}"
EndProject
Project("{8BC9CEB8-8B4A-11D0-8D11-00A0C91BC942}") = "LRUCache", "LRUCache\LRUCache.vcxproj", "{EF0D8887-9927-4949-85DA-84B035DF2379}"
EndProject
Project("{8BC9CEB8-8B4A-11D0-8D11-00A0C91BC942}") = "morgan", "morgan\morgan.vcxproj", "{6AFE60E8-BD8D-4452-AA6F-AE2297540754}"
EndProject
Global
	GlobalSection(SolutionConfigurationPlatforms) = preSolution
		Debug|x64 = Debug|x64
		Debug|x86 = Debug|x86
		Release|x64 = Release|x64
		Release|x86 = Release|x86
	EndGlobalSection
	GlobalSection(ProjectConfigurationPlatforms) = postSolution
		{30627D73-940F-4D10-A1C1-7BE0EABFBE69}.Debug|x64.ActiveCfg = Debug|x64
		{30627D73-940F-4D10-A1C1-7BE0EABFBE69}.Debug|x64.Build.0 = Debug|x64
		{30627D73-940F-4D10-A1C1-7BE0EABFBE69}.Debug|x86.ActiveCfg = Debug|Win32
		{30627D73-940F-4D10-A1C1-7BE0EABFBE69}.Debug|x86.Build.0 = Debug|Win32
		{30627D73-940F-4D10-A1C1-7BE0EABFBE69}.Release|x64.ActiveCfg = Release|x64
		{30627D73-940F-4D10-A1C1-7BE0EABFBE69}.Release|x64.Build.0 = Release|x64
		{30627D73-940F-4D10-A1C1-7BE0EABFBE69}.Release|x86.ActiveCfg = Release|Win32
		{30627D73-940F-4D10-A1C1-7BE0EABFBE69}.Release|x86.Build.0 = Release|Win32
		{B7FDA082-8820-4497-BA53-F8B3F6284A8B}.Debug|x64.ActiveCfg = Debug|x64
		{B7FDA082-8820-4497-BA53-F8B3F6284A8B}.Debug|x64.Build.0 = Debug|x64
		{B7FDA082-8820-4497-BA53-F8B3F6284A8B}.Debug|x86.ActiveCfg = Debug|Win32
		{B7FDA082-8820-4497-BA53-F8B3F6284A8B}.Debug|x86.Build.0 = Debug|Win32
		{B7FDA082-8820-4497-BA53-F8B3F6284A8B}.Release|x64.ActiveCfg = Release|x64
		{B7FDA082-8820-4497-BA53-F8B3F6284A8B}.Release|x64.Build.0 = Release|x64
		{B7FDA082-8820-4497-BA53-F8B3F6284A8B}.Release|x86.ActiveCfg = Release|Win32
		{B7FDA082-8820-4497-BA53-F8B3F6284A8B}.Release|x86.Build.0 = Release|Win32
		{1517A711-AC10-4467-9E00-2C78E9C7A090}.Debug|x64.ActiveCfg = Debug|x64
		{1517A711-AC10-4467-9E00-2C78E9C7A090}.Debug|x64.Build.0 = Debug|x64
		{1517A711-AC10-4467-9E00-2C78E9C7A090}.Debug|x86.ActiveCfg = Debug|Win32
		{1517A711-AC10-4467-9E00-2C78E9C7A090}.Debug|x86.Build.0 = Debug|Win32
		{1517A711-AC10-4467-9E00-2C78E9C7A090}.Release|x64.ActiveCfg = Release|x64
		{1517A711-AC10-4467-9E00-2C78E9C7A090}.Release|x64.Build.0 = Release|x64
		{1517A711-AC10-4467-9E00-2C78E9C7A090}.Release|x86.ActiveCfg = Release|Win32
		{1517A711-AC10-4467-9E00-2C78E9C7A090}.Release|x86.Build.0 = Release|Win32
		{338C60EB-64BE-4213-9ECC-A0B89DB110F6}.Debug|x64.ActiveCfg = Debug|x64
		{338C60EB-64BE-4213-9ECC-A0B89DB110F6}.Debug|x64.Build.0 = Debug|x64
		{338C60EB-64BE-4213-9ECC-A0B89DB110F6}.Debug|x86.ActiveCfg = Debug|Win32
		{338C60EB-64BE-4213-9ECC-A0B89DB110F6}.Debug|x86.Build.0 = Debug|Win32
		{338C60EB-64BE-4213-9ECC-A0B89DB110F6}.Release|x64.ActiveCfg = Release|x64
		{338C60EB-64BE-4213-9ECC-A0B89DB110F6}.Release|x64.Build.0 = Release|x64
		{338C60EB-64BE-4213-9ECC-A0B89DB110F6}.Release|x86.ActiveCfg = Release|Win32
		{338C60EB-64BE-4213-9ECC-A0B89DB110F6}.Release|x86.Build.0 = Release|Win32
		{793D9B3C-57ED-4129-969B-B6CC13C2B2B6}.Debug|x64.ActiveCfg = Debug|x64
		{793D9B3C-57ED-4129-969B-B6CC13C2B2B6}.Debug|x64.Build.0 = Debug|x64
		{793D9B3C-57ED-4129-969B-B6CC13C2B2B6}.Debug|x86.ActiveCfg = Debug|Win32
		{793D9B3C-57ED-4129-969B-B6CC13C2B2B6}.Debug|x86.Build.0 = Debug|Win32
		{793D9B3C-57ED-4129-969B-B6CC13C2B2B6}.Release|x64.ActiveCfg = Release|x64
		{793D9B3C-57ED-4129-969B-B6CC13C2B2B6}.Release|x64.Build.0 = Release|x64
		{793D9B3C-57ED-4129-969B-B6CC13C2B2B6}.Release|x86.ActiveCfg = Release|Win32
		{793D9B3C-57ED-4129-969B-B6CC13C2B2B6}.Release|x86.Build.0 = Release|Win32
		{34ABE885-5FFA-4320-9775-226888A738D2}.Debug|x64.ActiveCfg = Debug|x64
		{34ABE885-5FFA-4320-9775-226888A738D2}.Debug|x64.Build.0 = Debug|x64
		{34ABE885-5FFA-4320-9775-226888A738D2}.Debug|x86.ActiveCfg = Debug|Win32
		{34ABE885-5FFA-4320-9775-226888A738D2}.Debug|x86.Build.0 = Debug|Win32
		{34ABE885-5FFA-4320-9775-226888A738D2}.Release|x64.ActiveCfg = Release|x64
		{34ABE885-5FFA-4320-9775-226888A738D2}.Release|x64.Build.0 = Release|x64
		{34ABE885-5FFA-4320-9775-226888A738D2}.Release|x86.ActiveCfg = Release|Win32
		{34ABE885-5FFA-4320-9775-226888A738D2}.Release|x86.Build.0 = Release|Win32
		{EF0D8887-9927-4949-85DA-84B035DF2379}.Debug|x64.ActiveCfg = Debug|x64
		{EF0D8887-9927-4949-85DA-84B035DF2379}.Debug|x64.Build.0 = Debug|x64
		{EF0D8887-9927-4949-85DA-84B035DF2379}.Debug|x86.ActiveCfg = Debug|Win32
		{EF0D8887-9927-4949-85DA-84B035DF2379}.Debug|x86.Build.0 = Debug|Win32
		{EF0D8887-9927-4949-85DA-84B035DF2379}.Release|x64.ActiveCfg = Release|x64
		{EF0D8887-9927-4949-85DA-84B035DF2379}.Release|x64.Build.0 = Release|x64
		{EF0D8887-9927-4949-85DA-84B035DF2379}.Release|x86.ActiveCfg = Release|Win32
		{EF0D8887-9927-4949-85DA-84B035DF2379}.Release|x86.Build.0 = Release|Win32
		{6AFE60E8-BD8D-4452-AA6F-AE2297540754}.Debug|x64.ActiveCfg = Debug|x64
		{6AFE60E8-BD8D-4452-AA6F-AE2297540754}.Debug|x64.Build.0 = Debug|x64
		{6AFE60E8-BD8D-4452-AA6F-AE2297540754}.Debug|x86.ActiveCfg = Debug|Win32
		{6AFE60E8-BD8D-4452-AA6F-AE2297540754}.Debug|x86.Build.0 = Debug|Win32
		{6AFE60E8-BD8D-4452-AA6F-AE2297540754}.Release|x64.ActiveCfg = Release|x64
		{6AFE60E8-BD8D-4452-AA6F-AE2297540754}.Release|x64.Build.0 = Release|x64
		{6AFE60E8-BD8D-4452-AA6F-AE2297540754}.Release|x86.ActiveCfg = Release|Win32
		{6AFE60E8-BD8D-4452-AA6F-AE2297540754}.Release|x86.Build.0 = Release|Win32
	EndGlobalSection
	GlobalSection(SolutionProperties) = preSolution
		HideSolutionNode = FALSE
	EndGlobalSection
	GlobalSection(NestedProjects) = preSolution
		{30627D73-940F-4D10-A1C1-7BE0EABFBE69} = {04432FEE-E275-4987-8BEC-FC3B1CA790B7}
		{B7FDA082-8820-4497-BA53-F8B3F6284A8B} = {E6F3BD70-402E-496F-8AF7-3A0189FDC2CF}
		{1517A711-AC10-4467-9E00-2C78E9C7A090} = {E6F3BD70-402E-496F-8AF7-3A0189FDC2CF}
		{338C60EB-64BE-4213-9ECC-A0B89DB110F6} = {3A91467B-A28C-41AE-BF6F-FAB623CFD30A}
		{793D9B3C-57ED-4129-969B-B6CC13C2B2B6} = {3A91467B-A28C-41AE-BF6F-FAB623CFD30A}
		{34ABE885-5FFA-4320-9775-226888A738D2} = {3A91467B-A28C-41AE-BF6F-FAB623CFD30A}
		{EF0D8887-9927-4949-85DA-84B035DF2379} = {E6F3BD70-402E-496F-8AF7-3A0189FDC2CF}
		{6AFE60E8-BD8D-4452-AA6F-AE2297540754} = {04432FEE-E275-4987-8BEC-FC3B1CA790B7}
	EndGlobalSection
EndGlobal
